
Microsoft Visual Studio Solution File, Format Version 12.00
# Visual Studio 2012
Project("{FAE04EC0-301F-11D3-BF4B-00C04F79EFBC}") = "ModNotes", "ModNotes\ModNotes.csproj", "{80FE88FB-3FFE-4AFE-A76E-388E1A1EE6C8}"
EndProject
Project("{FAE04EC0-301F-11D3-BF4B-00C04F79EFBC}") = "ModNotesTests", "ModNotesTests\ModNotesTests.csproj", "{023A81ED-F611-4BB7-8CF8-32DBA0B735F4}"
EndProject
Global
	GlobalSection(SolutionConfigurationPlatforms) = preSolution
		Debug|Any CPU = Debug|Any CPU
		Release|Any CPU = Release|Any CPU
	EndGlobalSection
	GlobalSection(ProjectConfigurationPlatforms) = postSolution
		{80FE88FB-3FFE-4AFE-A76E-388E1A1EE6C8}.Debug|Any CPU.ActiveCfg = Debug|Any CPU
		{80FE88FB-3FFE-4AFE-A76E-388E1A1EE6C8}.Debug|Any CPU.Build.0 = Debug|Any CPU
		{80FE88FB-3FFE-4AFE-A76E-388E1A1EE6C8}.Release|Any CPU.ActiveCfg = Release|Any CPU
		{80FE88FB-3FFE-4AFE-A76E-388E1A1EE6C8}.Release|Any CPU.Build.0 = Release|Any CPU
		{023A81ED-F611-4BB7-8CF8-32DBA0B735F4}.Debug|Any CPU.ActiveCfg = Debug|Any CPU
		{023A81ED-F611-4BB7-8CF8-32DBA0B735F4}.Debug|Any CPU.Build.0 = Debug|Any CPU
		{023A81ED-F611-4BB7-8CF8-32DBA0B735F4}.Release|Any CPU.ActiveCfg = Release|Any CPU
		{023A81ED-F611-4BB7-8CF8-32DBA0B735F4}.Release|Any CPU.Build.0 = Release|Any CPU
	EndGlobalSection
EndGlobal
